
Microsoft Visual Studio Solution File, Format Version 12.00
Project("{FAE04EC0-301F-11D3-BF4B-00C04F79EFBC}") = "CurrencyDbService", "CurrencyDbService\CurrencyDbService.csproj", "{982FBFC6-5EE8-42FD-926D-A7B1D2D2BF61}"
EndProject
Global
	GlobalSection(SolutionConfigurationPlatforms) = preSolution
		Debug|Any CPU = Debug|Any CPU
		Release|Any CPU = Release|Any CPU
	EndGlobalSection
	GlobalSection(ProjectConfigurationPlatforms) = postSolution
		{982FBFC6-5EE8-42FD-926D-A7B1D2D2BF61}.Debug|Any CPU.ActiveCfg = Debug|Any CPU
		{982FBFC6-5EE8-42FD-926D-A7B1D2D2BF61}.Debug|Any CPU.Build.0 = Debug|Any CPU
		{982FBFC6-5EE8-42FD-926D-A7B1D2D2BF61}.Release|Any CPU.ActiveCfg = Release|Any CPU
		{982FBFC6-5EE8-42FD-926D-A7B1D2D2BF61}.Release|Any CPU.Build.0 = Release|Any CPU
	EndGlobalSection
EndGlobal
