
Microsoft Visual Studio Solution File, Format Version 12.00
Project("{FAE04EC0-301F-11D3-BF4B-00C04F79EFBC}") = "UserService", "UserService\UserService.csproj", "{5EB04CA8-4536-4591-A435-B37A1769964C}"
EndProject
Project("{2150E333-8FDC-42A3-9474-1A3956D46DE8}") = "Solution items", "Solution items", "{5A462463-0349-4C3F-88CA-9FD4965F05CD}"
	ProjectSection(SolutionItems) = preProject
		Dockerfile = Dockerfile
		.dockerignore = .dockerignore
		..\docker-compose.yml = ..\docker-compose.yml
		..\README.md = ..\README.md
		..\.gitignore = ..\.gitignore
		..\.env = ..\.env
	EndProjectSection
EndProject
Project("{FAE04EC0-301F-11D3-BF4B-00C04F79EFBC}") = "UserService.Db", "UserService.Db\UserService.Db.csproj", "{1717A5BC-95B5-4EDB-A32E-34D9B6048F8C}"
EndProject
Project("{FAE04EC0-301F-11D3-BF4B-00C04F79EFBC}") = "UserService.Models.Dto", "UserService.Models.Dto\UserService.Models.Dto.csproj", "{183D6522-D540-4BCC-931F-CFD3631E1E00}"
EndProject
Project("{FAE04EC0-301F-11D3-BF4B-00C04F79EFBC}") = "UserService.Business", "UserService.Business\UserService.Business.csproj", "{8D5BD330-E9E7-40EA-8026-04970DCBDAA0}"
EndProject
Project("{FAE04EC0-301F-11D3-BF4B-00C04F79EFBC}") = "UserService.Data", "UserService.Data\UserService.Data.csproj", "{B1AB8D94-8154-4572-A23A-24EB90B80123}"
EndProject
Project("{2150E333-8FDC-42A3-9474-1A3956D46DE8}") = "Tests", "Tests", "{E6C454EB-322B-48C8-B66C-3F34BD957F9A}"
EndProject
Project("{FAE04EC0-301F-11D3-BF4B-00C04F79EFBC}") = "UserService.Data.Tests", "UserService.Data.Tests\UserService.Data.Tests.csproj", "{C510A64E-B4EA-4B6B-88DA-D4B566D0928A}"
EndProject
Global
	GlobalSection(SolutionConfigurationPlatforms) = preSolution
		Debug|Any CPU = Debug|Any CPU
		Release|Any CPU = Release|Any CPU
	EndGlobalSection
	GlobalSection(ProjectConfigurationPlatforms) = postSolution
		{5EB04CA8-4536-4591-A435-B37A1769964C}.Debug|Any CPU.ActiveCfg = Debug|Any CPU
		{5EB04CA8-4536-4591-A435-B37A1769964C}.Debug|Any CPU.Build.0 = Debug|Any CPU
		{5EB04CA8-4536-4591-A435-B37A1769964C}.Release|Any CPU.ActiveCfg = Release|Any CPU
		{5EB04CA8-4536-4591-A435-B37A1769964C}.Release|Any CPU.Build.0 = Release|Any CPU
		{1717A5BC-95B5-4EDB-A32E-34D9B6048F8C}.Debug|Any CPU.ActiveCfg = Debug|Any CPU
		{1717A5BC-95B5-4EDB-A32E-34D9B6048F8C}.Debug|Any CPU.Build.0 = Debug|Any CPU
		{1717A5BC-95B5-4EDB-A32E-34D9B6048F8C}.Release|Any CPU.ActiveCfg = Release|Any CPU
		{1717A5BC-95B5-4EDB-A32E-34D9B6048F8C}.Release|Any CPU.Build.0 = Release|Any CPU
		{183D6522-D540-4BCC-931F-CFD3631E1E00}.Debug|Any CPU.ActiveCfg = Debug|Any CPU
		{183D6522-D540-4BCC-931F-CFD3631E1E00}.Debug|Any CPU.Build.0 = Debug|Any CPU
		{183D6522-D540-4BCC-931F-CFD3631E1E00}.Release|Any CPU.ActiveCfg = Release|Any CPU
		{183D6522-D540-4BCC-931F-CFD3631E1E00}.Release|Any CPU.Build.0 = Release|Any CPU
		{8D5BD330-E9E7-40EA-8026-04970DCBDAA0}.Debug|Any CPU.ActiveCfg = Debug|Any CPU
		{8D5BD330-E9E7-40EA-8026-04970DCBDAA0}.Debug|Any CPU.Build.0 = Debug|Any CPU
		{8D5BD330-E9E7-40EA-8026-04970DCBDAA0}.Release|Any CPU.ActiveCfg = Release|Any CPU
		{8D5BD330-E9E7-40EA-8026-04970DCBDAA0}.Release|Any CPU.Build.0 = Release|Any CPU
		{B1AB8D94-8154-4572-A23A-24EB90B80123}.Debug|Any CPU.ActiveCfg = Debug|Any CPU
		{B1AB8D94-8154-4572-A23A-24EB90B80123}.Debug|Any CPU.Build.0 = Debug|Any CPU
		{B1AB8D94-8154-4572-A23A-24EB90B80123}.Release|Any CPU.ActiveCfg = Release|Any CPU
		{B1AB8D94-8154-4572-A23A-24EB90B80123}.Release|Any CPU.Build.0 = Release|Any CPU
		{C510A64E-B4EA-4B6B-88DA-D4B566D0928A}.Debug|Any CPU.ActiveCfg = Debug|Any CPU
		{C510A64E-B4EA-4B6B-88DA-D4B566D0928A}.Debug|Any CPU.Build.0 = Debug|Any CPU
		{C510A64E-B4EA-4B6B-88DA-D4B566D0928A}.Release|Any CPU.ActiveCfg = Release|Any CPU
		{C510A64E-B4EA-4B6B-88DA-D4B566D0928A}.Release|Any CPU.Build.0 = Release|Any CPU
	EndGlobalSection
	GlobalSection(NestedProjects) = preSolution
		{C510A64E-B4EA-4B6B-88DA-D4B566D0928A} = {E6C454EB-322B-48C8-B66C-3F34BD957F9A}
	EndGlobalSection
EndGlobal
